
Microsoft Visual Studio Solution File, Format Version 12.00
# Visual Studio Version 17
VisualStudioVersion = 17.2.32616.157
MinimumVisualStudioVersion = 10.0.40219.1
Project("{FAE04EC0-301F-11D3-BF4B-00C04F79EFBC}") = "HWIDCheckerForms", "HWIDCheckerForms\HWIDCheckerForms.csproj", "{3920A3F5-3AFB-447C-AC13-27D2ADF46824}"
EndProject
Global
	GlobalSection(SolutionConfigurationPlatforms) = preSolution
		Debug|Any CPU = Debug|Any CPU
		Release|Any CPU = Release|Any CPU
	EndGlobalSection
	GlobalSection(ProjectConfigurationPlatforms) = postSolution
		{3920A3F5-3AFB-447C-AC13-27D2ADF46824}.Debug|Any CPU.ActiveCfg = Debug|Any CPU
		{3920A3F5-3AFB-447C-AC13-27D2ADF46824}.Debug|Any CPU.Build.0 = Debug|Any CPU
		{3920A3F5-3AFB-447C-AC13-27D2ADF46824}.Release|Any CPU.ActiveCfg = Release|Any CPU
		{3920A3F5-3AFB-447C-AC13-27D2ADF46824}.Release|Any CPU.Build.0 = Release|Any CPU
	EndGlobalSection
	GlobalSection(SolutionProperties) = preSolution
		HideSolutionNode = FALSE
	EndGlobalSection
	GlobalSection(ExtensibilityGlobals) = postSolution
		SolutionGuid = {FF2AD674-2BCF-410A-AC31-BCFFE5222F04}
	EndGlobalSection
EndGlobal
