
Microsoft Visual Studio Solution File, Format Version 12.00
# Visual Studio Version 17
VisualStudioVersion = 17.2.32616.157
MinimumVisualStudioVersion = 10.0.40219.1
Project("{FAE04EC0-301F-11D3-BF4B-00C04F79EFBC}") = "HWID Checker", "HWID Checker\HWID Checker.csproj", "{003936EF-5D1A-4D4B-85AF-A238CC33F3D1}"
EndProject
Global
	GlobalSection(SolutionConfigurationPlatforms) = preSolution
		Debug|Any CPU = Debug|Any CPU
		Release|Any CPU = Release|Any CPU
	EndGlobalSection
	GlobalSection(ProjectConfigurationPlatforms) = postSolution
		{003936EF-5D1A-4D4B-85AF-A238CC33F3D1}.Debug|Any CPU.ActiveCfg = Debug|Any CPU
		{003936EF-5D1A-4D4B-85AF-A238CC33F3D1}.Debug|Any CPU.Build.0 = Debug|Any CPU
		{003936EF-5D1A-4D4B-85AF-A238CC33F3D1}.Release|Any CPU.ActiveCfg = Release|Any CPU
		{003936EF-5D1A-4D4B-85AF-A238CC33F3D1}.Release|Any CPU.Build.0 = Release|Any CPU
	EndGlobalSection
	GlobalSection(SolutionProperties) = preSolution
		HideSolutionNode = FALSE
	EndGlobalSection
	GlobalSection(ExtensibilityGlobals) = postSolution
		SolutionGuid = {99C608A0-4A43-4668-B7D0-19A887B14A97}
	EndGlobalSection
EndGlobal
